# THIS IS AN AUTOGENERATED FILE. DO NOT EDIT THIS FILE DIRECTLY.
# yarn lockfile v1


argparse@^1.0.7:
  version "1.0.10"
  resolved "https://registry.yarnpkg.com/argparse/-/argparse-1.0.10.tgz#bcd6791ea5ae09725e17e5ad988134cd40b3d911"
  integrity sha512-o5Roy6tNG4SL/FOkCAN6RzjiakZS25RLYFrcMttJqbdd8BWrnA+fGz57iN5Pb06pvBGvl5gQ0B48dJlslXvoTg==
  dependencies:
    sprintf-js "~1.0.2"

astronomia@^2.1.1:
  version "2.1.1"
  resolved "https://registry.yarnpkg.com/astronomia/-/astronomia-2.1.1.tgz#de378fccc4d16c77d6832d0fda98501dd20892eb"
  integrity sha512-y8SySXRHpsUguSeEvsHjlOJsSgO/qAANwpWGOOue68wYwjPVj2bwogdtwJyNRHULET13rgH6Wp+a2lNP1Bmteg==

caldate@^1.1.0:
  version "1.1.0"
  resolved "https://registry.yarnpkg.com/caldate/-/caldate-1.1.0.tgz#9000d86bc91cc40ca633076d81c70c77766457bb"
  integrity sha512-Z8AF+9Ha/40UBmZXJbb0qQNx6Djv1BySw0o7kcBKuzKmmqK/nUCjW+ez/6fFqWZglPgUXiy0n/zGMncYpKXtmQ==
  dependencies:
    moment-timezone "^0.5.27"

date-bengali-revised@^1.0.2:
  version "1.0.2"
  resolved "https://registry.yarnpkg.com/date-bengali-revised/-/date-bengali-revised-1.0.2.tgz#33c7646e0988dade4ec8d44254abe71bc12db562"
  integrity sha512-HehC0Kcjz+wgTSXAA/ei/Y4QPEg1nCYeZdrBl/o/o1B+iPycvipeTIhff9nXtQUY17nrXLunvOWTzqbR490m2w==

date-chinese@^1.0.7:
  version "1.0.7"
  resolved "https://registry.yarnpkg.com/date-chinese/-/date-chinese-1.0.7.tgz#3520e112fd9c3c4d52e607ee46feec5b942c1e5d"
  integrity sha512-Dx1VG/mSST1yYqZvJvBWxvdDKTlmerZWXopiaPmVKeVFNhTZ20RvMrexg4FPFrCygPrgqTDtB2bEcwFcRoO2ww==
  dependencies:
    astronomia "^2.1.1"

date-easter@^0.2.5:
  version "0.2.5"
  resolved "https://registry.yarnpkg.com/date-easter/-/date-easter-0.2.5.tgz#85ddce23ee4e08b7b71fd3420c89d3d3576bec2f"
  integrity sha512-pMvZSqQgPBqnUQEHhRMy7f8Dk3KYY/NPFMFHGK4mU+xM1+SX+zc9IoQMcNtS3HuJjCn3mp0GQwBzsZXz3Thjww==

date-holidays-parser@^1.4.2:
  version "1.4.2"
  resolved "https://registry.yarnpkg.com/date-holidays-parser/-/date-holidays-parser-1.4.2.tgz#c46031b8e7a6d1fb17600985f28491b44949c87a"
  integrity sha512-7ty4DoAO1DqSmxKLDkstrNMQId8LBrw98gXXRWC79oua+hyC0suqpzUGFd7269VqnfeRo0SR+xwQeQarjEziPQ==
  dependencies:
    astronomia "^2.1.1"
    caldate "^1.1.0"
    date-bengali-revised "^1.0.2"
    date-chinese "^1.0.7"
    date-easter "^0.2.5"
    lodash.get "^4.4.2"
    lodash.merge "^4.6.2"
    lodash.omit "^4.5.0"
    lodash.set "^4.3.2"
    moment-timezone "^0.5.27"

date-holidays@^1.4.14:
  version "1.4.14"
  resolved "https://registry.yarnpkg.com/date-holidays/-/date-holidays-1.4.14.tgz#0db27a46d8f718075d2481955ded8ca92b09fa9e"
  integrity sha512-M3gbpz1xF3GSMCJdkx88LOwIyAGfh6b22lOh+G+Hjo73haukbH+VDZZYIEC81M0jy6gHZU65yWWf3iMJUHRlFQ==
  dependencies:
    date-holidays-parser "^1.4.2"
    js-yaml "^3.13.1"
    lodash.omit "^4.5.0"
    lodash.pick "^4.4.0"
    prepin "^1.0.3"

esprima@^4.0.0:
  version "4.0.1"
  resolved "https://registry.yarnpkg.com/esprima/-/esprima-4.0.1.tgz#13b04cdb3e6c5d19df91ab6987a8695619b0aa71"
  integrity sha512-eGuFFw7Upda+g4p+QHvnW0RyTX/SVeJBDM/gCtMARO0cLuT2HcEKnTPvhjV6aGeqrCB/sbNop0Kszm0jsaWU4A==

js-yaml@^3.13.1:
  version "3.13.1"
  resolved "https://registry.yarnpkg.com/js-yaml/-/js-yaml-3.13.1.tgz#aff151b30bfdfa8e49e05da22e7415e9dfa37847"
  integrity sha512-YfbcO7jXDdyj0DGxYVSlSeQNHbD7XPWvrVWeVUujrQEoZzWJIRrCPoyk6kL6IAjAG2IolMK4T0hNUe0HOUs5Jw==
  dependencies:
    argparse "^1.0.7"
    esprima "^4.0.0"

lodash.get@^4.4.2:
  version "4.4.2"
  resolved "https://registry.yarnpkg.com/lodash.get/-/lodash.get-4.4.2.tgz#2d177f652fa31e939b4438d5341499dfa3825e99"
  integrity sha1-LRd/ZS+jHpObRDjVNBSZ36OCXpk=

lodash.merge@^4.6.2:
  version "4.6.2"
  resolved "https://registry.yarnpkg.com/lodash.merge/-/lodash.merge-4.6.2.tgz#558aa53b43b661e1925a0afdfa36a9a1085fe57a"
  integrity sha512-0KpjqXRVvrYyCsX1swR/XTK0va6VQkQM6MNo7PqW77ByjAhoARA8EfrP1N4+KlKj8YS0ZUCtRT/YUuhyYDujIQ==

lodash.omit@^4.5.0:
  version "4.5.0"
  resolved "https://registry.yarnpkg.com/lodash.omit/-/lodash.omit-4.5.0.tgz#6eb19ae5a1ee1dd9df0b969e66ce0b7fa30b5e60"
  integrity sha1-brGa5aHuHdnfC5aeZs4Lf6MLXmA=

lodash.pick@^4.4.0:
  version "4.4.0"
  resolved "https://registry.yarnpkg.com/lodash.pick/-/lodash.pick-4.4.0.tgz#52f05610fff9ded422611441ed1fc123a03001b3"
  integrity sha1-UvBWEP/53tQiYRRB7R/BI6AwAbM=

lodash.set@^4.3.2:
  version "4.3.2"
  resolved "https://registry.yarnpkg.com/lodash.set/-/lodash.set-4.3.2.tgz#d8757b1da807dde24816b0d6a84bea1a76230b23"
  integrity sha1-2HV7HagH3eJIFrDWqEvqGnYjCyM=

moment-timezone@^0.5.27:
  version "0.5.37"
  resolved "https://registry.yarnpkg.com/moment-timezone/-/moment-timezone-0.5.37.tgz#adf97f719c4e458fdb12e2b4e87b8bec9f4eef1e"
  integrity sha512-uEDzDNFhfaywRl+vwXxffjjq1q0Vzr+fcQpQ1bU0kbzorfS7zVtZnCnGc8mhWmF39d4g4YriF6kwA75mJKE/Zg==
  dependencies:
    moment ">= 2.9.0"

"moment@>= 2.9.0":
  version "2.29.4"
  resolved "https://registry.yarnpkg.com/moment/-/moment-2.29.4.tgz#3dbe052889fe7c1b2ed966fcb3a77328964ef108"
  integrity sha512-5LC9SOxjSc2HF6vO2CyuTDNivEdoz2IvyJJGj6X8DJ0eFyfszE0QiEd+iXmBvUP3WHxSjFH/vIsA0EN00cgr8w==

prepin@^1.0.3:
  version "1.0.3"
  resolved "https://registry.yarnpkg.com/prepin/-/prepin-1.0.3.tgz#6996d34f1f8bf0de0bacf525e3037da79b7df91b"
  integrity sha512-0XL2hreherEEvUy0fiaGEfN/ioXFV+JpImqIzQjxk6iBg4jQ2ARKqvC4+BmRD8w/pnpD+lbxvh0Ub+z7yBEjvA==

sprintf-js@~1.0.2:
  version "1.0.3"
  resolved "https://registry.yarnpkg.com/sprintf-js/-/sprintf-js-1.0.3.tgz#04e6926f662895354f3dd015203633b857297e2c"
  integrity sha1-BOaSb2YolTVPPdAVIDYzuFcpfiw=
