# THIS IS AN AUTOGENERATED FILE. DO NOT EDIT THIS FILE DIRECTLY.
# yarn lockfile v1


argparse@^1.0.7:
  version "1.0.10"
  resolved "https://registry.yarnpkg.com/argparse/-/argparse-1.0.10.tgz#bcd6791ea5ae09725e17e5ad988134cd40b3d911"
  dependencies:
    sprintf-js "~1.0.2"

astronomia@^2.0.1:
  version "2.0.3"
  resolved "https://registry.yarnpkg.com/astronomia/-/astronomia-2.0.3.tgz#fb803c9f65e0529def9f29e09c553762aefe0ac3"

caldate@^1.0.3:
  version "1.0.3"
  resolved "https://registry.yarnpkg.com/caldate/-/caldate-1.0.3.tgz#1db4c8e2353c0a4a0b5c6c841425c365618a7cf8"
  dependencies:
    moment-timezone "^0.5.23"

date-bengali-revised@^1.0.1:
  version "1.0.1"
  resolved "https://registry.yarnpkg.com/date-bengali-revised/-/date-bengali-revised-1.0.1.tgz#7c5624f341b10ceeacaa711a71434b8362145b1a"

date-chinese@^1.0.6:
  version "1.0.6"
  resolved "https://registry.yarnpkg.com/date-chinese/-/date-chinese-1.0.6.tgz#e06c9ea6d55195213ff3634017992ada2438fc8b"
  dependencies:
    astronomia "^2.0.1"

date-easter@^0.2.4:
  version "0.2.4"
  resolved "https://registry.yarnpkg.com/date-easter/-/date-easter-0.2.4.tgz#744b7751490c4869a221f9b0461f3a2f81e788cc"

date-holidays-parser@^1.4.0:
  version "1.4.0"
  resolved "https://registry.yarnpkg.com/date-holidays-parser/-/date-holidays-parser-1.4.0.tgz#c9d2f3a167cf5c92aa1598514d301e9f84c12b53"
  dependencies:
    astronomia "^2.0.1"
    caldate "^1.0.3"
    date-bengali-revised "^1.0.1"
    date-chinese "^1.0.6"
    date-easter "^0.2.4"
    lodash.get "^4.4.2"
    lodash.merge "^4.6.1"
    lodash.omit "^4.5.0"
    lodash.set "^4.3.2"
    moment-timezone "^0.5.23"

date-holidays@^1.4.1:
  version "1.4.1"
  resolved "https://registry.yarnpkg.com/date-holidays/-/date-holidays-1.4.1.tgz#80c9f26e34f8d7959ea06eb081788a1badd1fba3"
  dependencies:
    date-holidays-parser "^1.4.0"
    js-yaml "^3.13.1"
    lodash.omit "^4.5.0"
    lodash.pick "^4.4.0"
    prepin "^1.0.3"

esprima@^4.0.0:
  version "4.0.1"
  resolved "https://registry.yarnpkg.com/esprima/-/esprima-4.0.1.tgz#13b04cdb3e6c5d19df91ab6987a8695619b0aa71"

js-yaml@^3.13.1:
  version "3.13.1"
  resolved "https://registry.yarnpkg.com/js-yaml/-/js-yaml-3.13.1.tgz#aff151b30bfdfa8e49e05da22e7415e9dfa37847"
  dependencies:
    argparse "^1.0.7"
    esprima "^4.0.0"

lodash.get@^4.4.2:
  version "4.4.2"
  resolved "https://registry.yarnpkg.com/lodash.get/-/lodash.get-4.4.2.tgz#2d177f652fa31e939b4438d5341499dfa3825e99"

lodash.merge@^4.6.1:
  version "4.6.2"
  resolved "https://registry.yarnpkg.com/lodash.merge/-/lodash.merge-4.6.2.tgz#558aa53b43b661e1925a0afdfa36a9a1085fe57a"

lodash.omit@^4.5.0:
  version "4.5.0"
  resolved "https://registry.yarnpkg.com/lodash.omit/-/lodash.omit-4.5.0.tgz#6eb19ae5a1ee1dd9df0b969e66ce0b7fa30b5e60"

lodash.pick@^4.4.0:
  version "4.4.0"
  resolved "https://registry.yarnpkg.com/lodash.pick/-/lodash.pick-4.4.0.tgz#52f05610fff9ded422611441ed1fc123a03001b3"

lodash.set@^4.3.2:
  version "4.3.2"
  resolved "https://registry.yarnpkg.com/lodash.set/-/lodash.set-4.3.2.tgz#d8757b1da807dde24816b0d6a84bea1a76230b23"

moment-timezone@^0.5.23:
  version "0.5.26"
  resolved "https://registry.yarnpkg.com/moment-timezone/-/moment-timezone-0.5.26.tgz#c0267ca09ae84631aa3dc33f65bedbe6e8e0d772"
  dependencies:
    moment ">= 2.9.0"

"moment@>= 2.9.0":
  version "2.24.0"
  resolved "https://registry.yarnpkg.com/moment/-/moment-2.24.0.tgz#0d055d53f5052aa653c9f6eb68bb5d12bf5c2b5b"

prepin@^1.0.3:
  version "1.0.3"
  resolved "https://registry.yarnpkg.com/prepin/-/prepin-1.0.3.tgz#6996d34f1f8bf0de0bacf525e3037da79b7df91b"

sprintf-js@~1.0.2:
  version "1.0.3"
  resolved "https://registry.yarnpkg.com/sprintf-js/-/sprintf-js-1.0.3.tgz#04e6926f662895354f3dd015203633b857297e2c"
